
Microsoft Visual Studio Solution File, Format Version 11.00
# Visual Studio 2010
Project("{FAE04EC0-301F-11D3-BF4B-00C04F79EFBC}") = "Assembly-CSharp", "Assembly-CSharp.csproj", "{ECEE3144-7FD3-495C-3B7A-8E5B2FA0336D}"
EndProject
Global
	GlobalSection(SolutionConfigurationPlatforms) = preSolution
		Debug|Any CPU = Debug|Any CPU
		Release|Any CPU = Release|Any CPU
	EndGlobalSection
	GlobalSection(ProjectConfigurationPlatforms) = postSolution
		{ECEE3144-7FD3-495C-3B7A-8E5B2FA0336D}.Debug|Any CPU.ActiveCfg = Debug|Any CPU
		{ECEE3144-7FD3-495C-3B7A-8E5B2FA0336D}.Debug|Any CPU.Build.0 = Debug|Any CPU
		{ECEE3144-7FD3-495C-3B7A-8E5B2FA0336D}.Release|Any CPU.ActiveCfg = Release|Any CPU
		{ECEE3144-7FD3-495C-3B7A-8E5B2FA0336D}.Release|Any CPU.Build.0 = Release|Any CPU
	EndGlobalSection
	GlobalSection(SolutionProperties) = preSolution
		HideSolutionNode = FALSE
	EndGlobalSection
	GlobalSection(MonoDevelopProperties) = preSolution
		StartupItem = Assembly-CSharp.csproj
	EndGlobalSection
EndGlobal
